
Microsoft Visual Studio Solution File, Format Version 12.00
# Visual Studio 15
VisualStudioVersion = 15.0.28307.705
MinimumVisualStudioVersion = 10.0.40219.1
Project("{FAE04EC0-301F-11D3-BF4B-00C04F79EFBC}") = "BillPaymentCalculator", "BillPaymentCalculator\BillPaymentCalculator.csproj", "{0855B0E0-C39A-40BF-A3C9-BEBB77AE2BD5}"
	ProjectSection(ProjectDependencies) = postProject
		{9E313B35-1A2F-4178-AB4D-2CEFA26434CF} = {9E313B35-1A2F-4178-AB4D-2CEFA26434CF}
	EndProjectSection
EndProject
Project("{FAE04EC0-301F-11D3-BF4B-00C04F79EFBC}") = "BillPaymentCalculator.DataAccess", "BillPaymentCalculator.DataAccess\BillPaymentCalculator.DataAccess.csproj", "{EBAF6BE6-6F53-4BDA-B222-BC3B732D4C99}"
EndProject
Project("{FAE04EC0-301F-11D3-BF4B-00C04F79EFBC}") = "BillPaymentCalculator.Business", "BillPaymnetCalculator.Buisness\BillPaymentCalculator.Business.csproj", "{9E313B35-1A2F-4178-AB4D-2CEFA26434CF}"
	ProjectSection(ProjectDependencies) = postProject
		{EBAF6BE6-6F53-4BDA-B222-BC3B732D4C99} = {EBAF6BE6-6F53-4BDA-B222-BC3B732D4C99}
	EndProjectSection
EndProject
Global
	GlobalSection(SolutionConfigurationPlatforms) = preSolution
		Debug|Any CPU = Debug|Any CPU
		Release|Any CPU = Release|Any CPU
	EndGlobalSection
	GlobalSection(ProjectConfigurationPlatforms) = postSolution
		{0855B0E0-C39A-40BF-A3C9-BEBB77AE2BD5}.Debug|Any CPU.ActiveCfg = Debug|Any CPU
		{0855B0E0-C39A-40BF-A3C9-BEBB77AE2BD5}.Debug|Any CPU.Build.0 = Debug|Any CPU
		{0855B0E0-C39A-40BF-A3C9-BEBB77AE2BD5}.Release|Any CPU.ActiveCfg = Release|Any CPU
		{0855B0E0-C39A-40BF-A3C9-BEBB77AE2BD5}.Release|Any CPU.Build.0 = Release|Any CPU
		{EBAF6BE6-6F53-4BDA-B222-BC3B732D4C99}.Debug|Any CPU.ActiveCfg = Debug|Any CPU
		{EBAF6BE6-6F53-4BDA-B222-BC3B732D4C99}.Debug|Any CPU.Build.0 = Debug|Any CPU
		{EBAF6BE6-6F53-4BDA-B222-BC3B732D4C99}.Release|Any CPU.ActiveCfg = Release|Any CPU
		{EBAF6BE6-6F53-4BDA-B222-BC3B732D4C99}.Release|Any CPU.Build.0 = Release|Any CPU
		{9E313B35-1A2F-4178-AB4D-2CEFA26434CF}.Debug|Any CPU.ActiveCfg = Debug|Any CPU
		{9E313B35-1A2F-4178-AB4D-2CEFA26434CF}.Debug|Any CPU.Build.0 = Debug|Any CPU
		{9E313B35-1A2F-4178-AB4D-2CEFA26434CF}.Release|Any CPU.ActiveCfg = Release|Any CPU
		{9E313B35-1A2F-4178-AB4D-2CEFA26434CF}.Release|Any CPU.Build.0 = Release|Any CPU
	EndGlobalSection
	GlobalSection(SolutionProperties) = preSolution
		HideSolutionNode = FALSE
	EndGlobalSection
	GlobalSection(ExtensibilityGlobals) = postSolution
		SolutionGuid = {2DB31624-6F9B-4437-A544-EFC9395F3D78}
	EndGlobalSection
EndGlobal
